
Microsoft Visual Studio Solution File, Format Version 12.00
# Visual Studio 15
VisualStudioVersion = 15.0.27703.2035
MinimumVisualStudioVersion = 10.0.40219.1
Project("{FAE04EC0-301F-11D3-BF4B-00C04F79EFBC}") = "WebApplication5", "WebApplication5\WebApplication5.csproj", "{0FA049DC-9917-4BE0-8340-5CF61BD9860E}"
EndProject
Global
	GlobalSection(SolutionConfigurationPlatforms) = preSolution
		Debug|Any CPU = Debug|Any CPU
		Release|Any CPU = Release|Any CPU
	EndGlobalSection
	GlobalSection(ProjectConfigurationPlatforms) = postSolution
		{0FA049DC-9917-4BE0-8340-5CF61BD9860E}.Debug|Any CPU.ActiveCfg = Debug|Any CPU
		{0FA049DC-9917-4BE0-8340-5CF61BD9860E}.Debug|Any CPU.Build.0 = Debug|Any CPU
		{0FA049DC-9917-4BE0-8340-5CF61BD9860E}.Release|Any CPU.ActiveCfg = Release|Any CPU
		{0FA049DC-9917-4BE0-8340-5CF61BD9860E}.Release|Any CPU.Build.0 = Release|Any CPU
	EndGlobalSection
	GlobalSection(SolutionProperties) = preSolution
		HideSolutionNode = FALSE
	EndGlobalSection
	GlobalSection(ExtensibilityGlobals) = postSolution
		SolutionGuid = {D08CC749-9C6E-4F5C-B21D-A01931EC7A72}
	EndGlobalSection
EndGlobal
